
Microsoft Visual Studio Solution File, Format Version 12.00
# Visual Studio Version 17
VisualStudioVersion = 17.1.32210.238
MinimumVisualStudioVersion = 10.0.40219.1
Project("{FAE04EC0-301F-11D3-BF4B-00C04F79EFBC}") = "ClienteService.Core", "ClienteService.Core\ClienteService.Core.csproj", "{4A5EB8C1-3048-4802-9F78-02EA3BFEA955}"
EndProject
Project("{FAE04EC0-301F-11D3-BF4B-00C04F79EFBC}") = "ClienteService.Infrastructure", "ClienteService.Infrastructure\ClienteService.Infrastructure.csproj", "{37679BDF-69A1-4C92-B424-CB449EADCBBF}"
EndProject
Project("{FAE04EC0-301F-11D3-BF4B-00C04F79EFBC}") = "ClienteService.Api", "ClienteService.Api\ClienteService.Api.csproj", "{03BE1848-B198-44A2-BB04-D5D48CD36D5E}"
EndProject
Global
	GlobalSection(SolutionConfigurationPlatforms) = preSolution
		Debug|Any CPU = Debug|Any CPU
		Release|Any CPU = Release|Any CPU
	EndGlobalSection
	GlobalSection(ProjectConfigurationPlatforms) = postSolution
		{4A5EB8C1-3048-4802-9F78-02EA3BFEA955}.Debug|Any CPU.ActiveCfg = Debug|Any CPU
		{4A5EB8C1-3048-4802-9F78-02EA3BFEA955}.Debug|Any CPU.Build.0 = Debug|Any CPU
		{4A5EB8C1-3048-4802-9F78-02EA3BFEA955}.Release|Any CPU.ActiveCfg = Release|Any CPU
		{4A5EB8C1-3048-4802-9F78-02EA3BFEA955}.Release|Any CPU.Build.0 = Release|Any CPU
		{37679BDF-69A1-4C92-B424-CB449EADCBBF}.Debug|Any CPU.ActiveCfg = Debug|Any CPU
		{37679BDF-69A1-4C92-B424-CB449EADCBBF}.Debug|Any CPU.Build.0 = Debug|Any CPU
		{37679BDF-69A1-4C92-B424-CB449EADCBBF}.Release|Any CPU.ActiveCfg = Release|Any CPU
		{37679BDF-69A1-4C92-B424-CB449EADCBBF}.Release|Any CPU.Build.0 = Release|Any CPU
		{03BE1848-B198-44A2-BB04-D5D48CD36D5E}.Debug|Any CPU.ActiveCfg = Debug|Any CPU
		{03BE1848-B198-44A2-BB04-D5D48CD36D5E}.Debug|Any CPU.Build.0 = Debug|Any CPU
		{03BE1848-B198-44A2-BB04-D5D48CD36D5E}.Release|Any CPU.ActiveCfg = Release|Any CPU
		{03BE1848-B198-44A2-BB04-D5D48CD36D5E}.Release|Any CPU.Build.0 = Release|Any CPU
	EndGlobalSection
	GlobalSection(SolutionProperties) = preSolution
		HideSolutionNode = FALSE
	EndGlobalSection
	GlobalSection(ExtensibilityGlobals) = postSolution
		SolutionGuid = {880DAC98-117F-4C2A-9137-A539672E4B06}
	EndGlobalSection
EndGlobal
